
Microsoft Visual Studio Solution File, Format Version 12.00
# Visual Studio Version 17
VisualStudioVersion = 17.1.32421.90
MinimumVisualStudioVersion = 10.0.40219.1
Project("{9A19103F-16F7-4668-BE54-9A1E7A4F7556}") = "CMS_Lucky", "CMS_Lucky\CMS_Lucky.csproj", "{464253E2-3C12-4978-850C-D395C9A96C01}"
EndProject
Project("{2150E333-8FDC-42A3-9474-1A3956D46DE8}") = "DataLib", "DataLib", "{3C15F06F-F0C8-45A0-9721-E33AE012DEA6}"
EndProject
Project("{9A19103F-16F7-4668-BE54-9A1E7A4F7556}") = "Datactx", "Datactx\Datactx.csproj", "{028D4741-436D-4BCD-A311-61C3E5A92203}"
EndProject
Project("{2150E333-8FDC-42A3-9474-1A3956D46DE8}") = "TransactionLib", "TransactionLib", "{1D445007-C8DE-42B4-AC7E-D962A2296217}"
EndProject
Project("{FAE04EC0-301F-11D3-BF4B-00C04F79EFBC}") = "TransactionLibrary", "TransactionLibrary\TransactionLibrary.csproj", "{39729AB7-CB7B-4356-8551-6711A451A66C}"
EndProject
Global
	GlobalSection(SolutionConfigurationPlatforms) = preSolution
		Debug|Any CPU = Debug|Any CPU
		Release|Any CPU = Release|Any CPU
	EndGlobalSection
	GlobalSection(ProjectConfigurationPlatforms) = postSolution
		{464253E2-3C12-4978-850C-D395C9A96C01}.Debug|Any CPU.ActiveCfg = Debug|Any CPU
		{464253E2-3C12-4978-850C-D395C9A96C01}.Debug|Any CPU.Build.0 = Debug|Any CPU
		{464253E2-3C12-4978-850C-D395C9A96C01}.Release|Any CPU.ActiveCfg = Release|Any CPU
		{464253E2-3C12-4978-850C-D395C9A96C01}.Release|Any CPU.Build.0 = Release|Any CPU
		{028D4741-436D-4BCD-A311-61C3E5A92203}.Debug|Any CPU.ActiveCfg = Debug|Any CPU
		{028D4741-436D-4BCD-A311-61C3E5A92203}.Debug|Any CPU.Build.0 = Debug|Any CPU
		{028D4741-436D-4BCD-A311-61C3E5A92203}.Release|Any CPU.ActiveCfg = Release|Any CPU
		{028D4741-436D-4BCD-A311-61C3E5A92203}.Release|Any CPU.Build.0 = Release|Any CPU
		{39729AB7-CB7B-4356-8551-6711A451A66C}.Debug|Any CPU.ActiveCfg = Debug|Any CPU
		{39729AB7-CB7B-4356-8551-6711A451A66C}.Debug|Any CPU.Build.0 = Debug|Any CPU
		{39729AB7-CB7B-4356-8551-6711A451A66C}.Release|Any CPU.ActiveCfg = Release|Any CPU
		{39729AB7-CB7B-4356-8551-6711A451A66C}.Release|Any CPU.Build.0 = Release|Any CPU
	EndGlobalSection
	GlobalSection(SolutionProperties) = preSolution
		HideSolutionNode = FALSE
	EndGlobalSection
	GlobalSection(NestedProjects) = preSolution
		{028D4741-436D-4BCD-A311-61C3E5A92203} = {3C15F06F-F0C8-45A0-9721-E33AE012DEA6}
		{39729AB7-CB7B-4356-8551-6711A451A66C} = {1D445007-C8DE-42B4-AC7E-D962A2296217}
	EndGlobalSection
	GlobalSection(ExtensibilityGlobals) = postSolution
		SolutionGuid = {0A450AE7-E744-4149-BA5F-AC6D5830336A}
	EndGlobalSection
EndGlobal
